Microsoft Visual Studio Solution File, Format Version 10.00
# Visual Studio 2008
Project("{FAE04EC0-301F-11D3-BF4B-00C04F79EFBC}") = "RealEstate.BusinessObjects", "BusinessObjects\RealEstate.BusinessObjects.csproj", "{8EA354F0-D07D-4F30-8F92-0E472975BCC9}"
EndProject
Project("{FAE04EC0-301F-11D3-BF4B-00C04F79EFBC}") = "RealEstate.BusinessLogic", "BusinessLogic\RealEstate.BusinessLogic.csproj", "{5E570579-5A9F-4EFD-8D33-B8ADCBE27E49}"
EndProject
Project("{FAE04EC0-301F-11D3-BF4B-00C04F79EFBC}") = "RealEstate.DataAccess", "DataLayer\RealEstate.DataAccess.csproj", "{31FAE81E-4EDF-4403-9016-A1862A428167}"
EndProject
Global
	GlobalSection(SolutionConfigurationPlatforms) = preSolution
		Debug|Any CPU = Debug|Any CPU
		Release|Any CPU = Release|Any CPU
	EndGlobalSection
	GlobalSection(ProjectConfigurationPlatforms) = postSolution
		{8EA354F0-D07D-4F30-8F92-0E472975BCC9}.Debug|Any CPU.ActiveCfg = Debug|Any CPU
		{8EA354F0-D07D-4F30-8F92-0E472975BCC9}.Debug|Any CPU.Build.0 = Debug|Any CPU
		{8EA354F0-D07D-4F30-8F92-0E472975BCC9}.Release|Any CPU.ActiveCfg = Release|Any CPU
		{8EA354F0-D07D-4F30-8F92-0E472975BCC9}.Release|Any CPU.Build.0 = Release|Any CPU
		{5E570579-5A9F-4EFD-8D33-B8ADCBE27E49}.Debug|Any CPU.ActiveCfg = Debug|Any CPU
		{5E570579-5A9F-4EFD-8D33-B8ADCBE27E49}.Debug|Any CPU.Build.0 = Debug|Any CPU
		{5E570579-5A9F-4EFD-8D33-B8ADCBE27E49}.Release|Any CPU.ActiveCfg = Release|Any CPU
		{5E570579-5A9F-4EFD-8D33-B8ADCBE27E49}.Release|Any CPU.Build.0 = Release|Any CPU
		{31FAE81E-4EDF-4403-9016-A1862A428167}.Debug|Any CPU.ActiveCfg = Debug|Any CPU
		{31FAE81E-4EDF-4403-9016-A1862A428167}.Debug|Any CPU.Build.0 = Debug|Any CPU
		{31FAE81E-4EDF-4403-9016-A1862A428167}.Release|Any CPU.ActiveCfg = Release|Any CPU
		{31FAE81E-4EDF-4403-9016-A1862A428167}.Release|Any CPU.Build.0 = Release|Any CPU
	EndGlobalSection
	GlobalSection(SolutionProperties) = preSolution
		HideSolutionNode = FALSE
	EndGlobalSection
EndGlobal